// !$*UTF8*$!
{
	archiveVersion = 1;
	classes = {
	};
	objectVersion = 46;
	objects = {

/* Begin PBXBuildFile section */
		006EE65D1AA2D35900F42CAA /* AppDelegate.swift in Sources */ = {isa = PBXBuildFile; fileRef = 006EE65C1AA2D35900F42CAA /* AppDelegate.swift */; };
		006EE65F1AA2D35900F42CAA /* ViewController.swift in Sources */ = {isa = PBXBuildFile; fileRef = 006EE65E1AA2D35900F42CAA /* ViewController.swift */; };
		006EE6621AA2D35900F42CAA /* Main.storyboard in Resources */ = {isa = PBXBuildFile; fileRef = 006EE6601AA2D35900F42CAA /* Main.storyboard */; };
		006EE6641AA2D35900F42CAA /* Images.xcassets in Resources */ = {isa = PBXBuildFile; fileRef = 006EE6631AA2D35900F42CAA /* Images.xcassets */; };
		006EE6671AA2D35900F42CAA /* LaunchScreen.xib in Resources */ = {isa = PBXBuildFile; fileRef = 006EE6651AA2D35900F42CAA /* LaunchScreen.xib */; };
		006EE6731AA2D35900F42CAA /* LemonStandTests.swift in Sources */ = {isa = PBXBuildFile; fileRef = 006EE6721AA2D35900F42CAA /* LemonStandTests.swift */; };
/* End PBXBuildFile section */

/* Begin PBXContainerItemProxy section */
		006EE66D1AA2D35900F42CAA /* PBXContainerItemProxy */ = {
			isa = PBXContainerItemProxy;
			containerPortal = 006EE64F1AA2D35900F42CAA /* Project object */;
			proxyType = 1;
			remoteGlobalIDString = 006EE6561AA2D35900F42CAA;
			remoteInfo = LemonStand;
		};
/* End PBXContainerItemProxy section */

/* Begin PBXFileReference section */
		006EE6571AA2D35900F42CAA /* LemonStand.app */ = {isa = PBXFileReference; explicitFileType = wrapper.application; includeInIndex = 0; path = LemonStand.app; sourceTree = BUILT_PRODUCTS_DIR; };
		006EE65B1AA2D35900F42CAA /* Info.plist */ = {isa = PBXFileReference; lastKnownFileType = text.plist.xml; path = Info.plist; sourceTree = "<group>"; };
		006EE65C1AA2D35900F42CAA /* AppDelegate.swift */ = {isa = PBXFileReference; lastKnownFileType = sourcecode.swift; path = AppDelegate.swift; sourceTree = "<group>"; };
		006EE65E1AA2D35900F42CAA /* ViewController.swift */ = {isa = PBXFileReference; lastKnownFileType = sourcecode.swift; path = ViewController.swift; sourceTree = "<group>"; };
		006EE6611AA2D35900F42CAA /* Base */ = {isa = PBXFileReference; lastKnownFileType = file.storyboard; name = Base; path = Base.lproj/Main.storyboard; sourceTree = "<group>"; };
		006EE6631AA2D35900F42CAA /* Images.xcassets */ = {isa = PBXFileReference; lastKnownFileType = folder.assetcatalog; path = Images.xcassets; sourceTree = "<group>"; };
		006EE6661AA2D35900F42CAA /* Base */ = {isa = PBXFileReference; lastKnownFileType = file.xib; name = Base; path = Base.lproj/LaunchScreen.xib; sourceTree = "<group>"; };
		006EE66C1AA2D35900F42CAA /* LemonStandTests.xctest */ = {isa = PBXFileReference; explicitFileType = wrapper.cfbundle; includeInIndex = 0; path = LemonStandTests.xctest; sourceTree = BUILT_PRODUCTS_DIR; };
		006EE6711AA2D35900F42CAA /* Info.plist */ = {isa = PBXFileReference; lastKnownFileType = text.plist.xml; path = Info.plist; sourceTree = "<group>"; };
		006EE6721AA2D35900F42CAA /* LemonStandTests.swift */ = {isa = PBXFileReference; lastKnownFileType = sourcecode.swift; path = LemonStandTests.swift; sourceTree = "<group>"; };
/* End PBXFileReference section */

/* Begin PBXFrameworksBuildPhase section */
		006EE6541AA2D35900F42CAA /* Frameworks */ = {
			isa = PBXFrameworksBuildPhase;
			buildActionMask = 2147483647;
			files = (
			);
			runOnlyForDeploymentPostprocessing = 0;
		};
		006EE6691AA2D35900F42CAA /* Frameworks */ = {
			isa = PBXFrameworksBuildPhase;
			buildActionMask = 2147483647;
			files = (
			);
			runOnlyForDeploymentPostprocessing = 0;
		};
/* End PBXFrameworksBuildPhase section */

/* Begin PBXGroup section */
		006EE64E1AA2D35900F42CAA = {
			isa = PBXGroup;
			children = (
				006EE6591AA2D35900F42CAA /* LemonStand */,
				006EE66F1AA2D35900F42CAA /* LemonStandTests */,
				006EE6581AA2D35900F42CAA /* Products */,
			);
			sourceTree = "<group>";
		};
		006EE6581AA2D35900F42CAA /* Products */ = {
			isa = PBXGroup;
			children = (
				006EE6571AA2D35900F42CAA /* LemonStand.app */,
				006EE66C1AA2D35900F42CAA /* LemonStandTests.xctest */,
			);
			name = Products;
			sourceTree = "<group>";
		};
		006EE6591AA2D35900F42CAA /* LemonStand */ = {
			isa = PBXGroup;
			children = (
				006EE65C1AA2D35900F42CAA /* AppDelegate.swift */,
				006EE65E1AA2D35900F42CAA /* ViewController.swift */,
				006EE6601AA2D35900F42CAA /* Main.storyboard */,
				006EE6631AA2D35900F42CAA /* Images.xcassets */,
				006EE6651AA2D35900F42CAA /* LaunchScreen.xib */,
				006EE65A1AA2D35900F42CAA /* Supporting Files */,
			);
			path = LemonStand;
			sourceTree = "<group>";
		};
		006EE65A1AA2D35900F42CAA /* Supporting Files */ = {
			isa = PBXGroup;
			children = (
				006EE65B1AA2D35900F42CAA /* Info.plist */,
			);
			name = "Supporting Files";
			sourceTree = "<group>";
		};
		006EE66F1AA2D35900F42CAA /* LemonStandTests */ = {
			isa = PBXGroup;
			children = (
				006EE6721AA2D35900F42CAA /* LemonStandTests.swift */,
				006EE6701AA2D35900F42CAA /* Supporting Files */,
			);
			path = LemonStandTests;
			sourceTree = "<group>";
		};
		006EE6701AA2D35900F42CAA /* Supporting Files */ = {
			isa = PBXGroup;
			children = (
				006EE6711AA2D35900F42CAA /* Info.plist */,
			);
			name = "Supporting Files";
			sourceTree = "<group>";
		};
/* End PBXGroup section */

/* Begin PBXNativeTarget section */
		006EE6561AA2D35900F42CAA /* LemonStand */ = {
			isa = PBXNativeTarget;
			buildConfigurationList = 006EE6761AA2D35900F42CAA /* Build configuration list for PBXNativeTarget "LemonStand" */;
			buildPhases = (
				006EE6531AA2D35900F42CAA /* Sources */,
				006EE6541AA2D35900F42CAA /* Frameworks */,
				006EE6551AA2D35900F42CAA /* Resources */,
			);
			buildRules = (
			);
			dependencies = (
			);
			name = LemonStand;
			productName = LemonStand;
			productReference = 006EE6571AA2D35900F42CAA /* LemonStand.app */;
			productType = "com.apple.product-type.application";
		};
		006EE66B1AA2D35900F42CAA /* LemonStandTests */ = {
			isa = PBXNativeTarget;
			buildConfigurationList = 006EE6791AA2D35900F42CAA /* Build configuration list for PBXNativeTarget "LemonStandTests" */;
			buildPhases = (
				006EE6681AA2D35900F42CAA /* Sources */,
				006EE6691AA2D35900F42CAA /* Frameworks */,
				006EE66A1AA2D35900F42CAA /* Resources */,
			);
			buildRules = (
			);
			dependencies = (
				006EE66E1AA2D35900F42CAA /* PBXTargetDependency */,
			);
			name = LemonStandTests;
			productName = LemonStandTests;
			productReference = 006EE66C1AA2D35900F42CAA /* LemonStandTests.xctest */;
			productType = "com.apple.product-type.bundle.unit-test";
		};
/* End PBXNativeTarget section */

/* Begin PBXProject section */
		006EE64F1AA2D35900F42CAA /* Project object */ = {
			isa = PBXProject;
			attributes = {
				LastUpgradeCheck = 0610;
				ORGANIZATIONNAME = JoeCo;
				TargetAttributes = {
					006EE6561AA2D35900F42CAA = {
						CreatedOnToolsVersion = 6.1.1;
					};
					006EE66B1AA2D35900F42CAA = {
						CreatedOnToolsVersion = 6.1.1;
						TestTargetID = 006EE6561AA2D35900F42CAA;
					};
				};
			};
			buildConfigurationList = 006EE6521AA2D35900F42CAA /* Build configuration list for PBXProject "LemonStand" */;
			compatibilityVersion = "Xcode 3.2";
			developmentRegion = English;
			hasScannedForEncodings = 0;
			knownRegions = (
				en,
				Base,
			);
			mainGroup = 006EE64E1AA2D35900F42CAA;
			productRefGroup = 006EE6581AA2D35900F42CAA /* Products */;
			projectDirPath = "";
			projectRoot = "";
			targets = (
				006EE6561AA2D35900F42CAA /* LemonStand */,
				006EE66B1AA2D35900F42CAA /* LemonStandTests */,
			);
		};
/* End PBXProject section */

/* Begin PBXResourcesBuildPhase section */
		006EE6551AA2D35900F42CAA /* Resources */ = {
			isa = PBXResourcesBuildPhase;
			buildActionMask = 2147483647;
			files = (
				006EE6621AA2D35900F42CAA /* Main.storyboard in Resources */,
				006EE6671AA2D35900F42CAA /* LaunchScreen.xib in Resources */,
				006EE6641AA2D35900F42CAA /* Images.xcassets in Resources */,
			);
			runOnlyForDeploymentPostprocessing = 0;
		};
		006EE66A1AA2D35900F42CAA /* Resources */ = {
			isa = PBXResourcesBuildPhase;
			buildActionMask = 2147483647;
			files = (
			);
			runOnlyForDeploymentPostprocessing = 0;
		};
/* End PBXResourcesBuildPhase section */

/* Begin PBXSourcesBuildPhase section */
		006EE6531AA2D35900F42CAA /* Sources */ = {
			isa = PBXSourcesBuildPhase;
			buildActionMask = 2147483647;
			files = (
				006EE65F1AA2D35900F42CAA /* ViewController.swift in Sources */,
				006EE65D1AA2D35900F42CAA /* AppDelegate.swift in Sources */,
			);
			runOnlyForDeploymentPostprocessing = 0;
		};
		006EE6681AA2D35900F42CAA /* Sources */ = {
			isa = PBXSourcesBuildPhase;
			buildActionMask = 2147483647;
			files = (
				006EE6731AA2D35900F42CAA /* LemonStandTests.swift in Sources */,
			);
			runOnlyForDeploymentPostprocessing = 0;
		};
/* End PBXSourcesBuildPhase section */

/* Begin PBXTargetDependency section */
		006EE66E1AA2D35900F42CAA /* PBXTargetDependency */ = {
			isa = PBXTargetDependency;
			target = 006EE6561AA2D35900F42CAA /* LemonStand */;
			targetProxy = 006EE66D1AA2D35900F42CAA /* PBXContainerItemProxy */;
		};
/* End PBXTargetDependency section */

/* Begin PBXVariantGroup section */
		006EE6601AA2D35900F42CAA /* Main.storyboard */ = {
			isa = PBXVariantGroup;
			children = (
				006EE6611AA2D35900F42CAA /* Base */,
			);
			name = Main.storyboard;
			sourceTree = "<group>";
		};
		006EE6651AA2D35900F42CAA /* LaunchScreen.xib */ = {
			isa = PBXVariantGroup;
			children = (
				006EE6661AA2D35900F42CAA /* Base */,
			);
			name = LaunchScreen.xib;
			sourceTree = "<group>";
		};
/* End PBXVariantGroup section */

/* Begin XCBuildConfiguration section */
		006EE6741AA2D35900F42CAA /* Debug */ = {
			isa = XCBuildConfiguration;
			buildSettings = {
				ALWAYS_SEARCH_USER_PATHS = NO;
				CLANG_CXX_LANGUAGE_STANDARD = "gnu++0x";
				CLANG_CXX_LIBRARY = "libc++";
				CLANG_ENABLE_MODULES = YES;
				CLANG_ENABLE_OBJC_ARC = YES;
				CLANG_WARN_BOOL_CONVERSION = YES;
				CLANG_WARN_CONSTANT_CONVERSION = YES;
				CLANG_WARN_DIRECT_OBJC_ISA_USAGE = YES_ERROR;
				CLANG_WARN_EMPTY_BODY = YES;
				CLANG_WARN_ENUM_CONVERSION = YES;
				CLANG_WARN_INT_CONVERSION = YES;
				CLANG_WARN_OBJC_ROOT_CLASS = YES_ERROR;
				CLANG_WARN_UNREACHABLE_CODE = YES;
				CLANG_WARN__DUPLICATE_METHOD_MATCH = YES;
				"CODE_SIGN_IDENTITY[sdk=iphoneos*]" = "iPhone Developer";
				COPY_PHASE_STRIP = NO;
				ENABLE_STRICT_OBJC_MSGSEND = YES;
				GCC_C_LANGUAGE_STANDARD = gnu99;
				GCC_DYNAMIC_NO_PIC = NO;
				GCC_OPTIMIZATION_LEVEL = 0;
				GCC_PREPROCESSOR_DEFINITIONS = (
					"DEBUG=1",
					"$(inherited)",
				);
				GCC_SYMBOLS_PRIVATE_EXTERN = NO;
				GCC_WARN_64_TO_32_BIT_CONVERSION = YES;
				GCC_WARN_ABOUT_RETURN_TYPE = YES_ERROR;
				GCC_WARN_UNDECLARED_SELECTOR = YES;
				GCC_WARN_UNINITIALIZED_AUTOS = YES_AGGRESSIVE;
				GCC_WARN_UNUSED_FUNCTION = YES;
				GCC_WARN_UNUSED_VARIABLE = YES;
				IPHONEOS_DEPLOYMENT_TARGET = 8.1;
				MTL_ENABLE_DEBUG_INFO = YES;
				ONLY_ACTIVE_ARCH = YES;
				SDKROOT = iphoneos;
				SWIFT_OPTIMIZATION_LEVEL = "-Onone";
				TARGETED_DEVICE_FAMILY = "1,2";
			};
			name = Debug;
		};
		006EE6751AA2D35900F42CAA /* Release */ = {
			isa = XCBuildConfiguration;
			buildSettings = {
				ALWAYS_SEARCH_USER_PATHS = NO;
				CLANG_CXX_LANGUAGE_STANDARD = "gnu++0x";
				CLANG_CXX_LIBRARY = "libc++";
				CLANG_ENABLE_MODULES = YES;
				CLANG_ENABLE_OBJC_ARC = YES;
				CLANG_WARN_BOOL_CONVERSION = YES;
				CLANG_WARN_CONSTANT_CONVERSION = YES;
				CLANG_WARN_DIRECT_OBJC_ISA_USAGE = YES_ERROR;
				CLANG_WARN_EMPTY_BODY = YES;
				CLANG_WARN_ENUM_CONVERSION = YES;
				CLANG_WARN_INT_CONVERSION = YES;
				CLANG_WARN_OBJC_ROOT_CLASS = YES_ERROR;
				CLANG_WARN_UNREACHABLE_CODE = YES;
				CLANG_WARN__DUPLICATE_METHOD_MATCH = YES;
				"CODE_SIGN_IDENTITY[sdk=iphoneos*]" = "iPhone Developer";
				COPY_PHASE_STRIP = YES;
				ENABLE_NS_ASSERTIONS = NO;
				ENABLE_STRICT_OBJC_MSGSEND = YES;
				GCC_C_LANGUAGE_STANDARD = gnu99;
				GCC_WARN_64_TO_32_BIT_CONVERSION = YES;
				GCC_WARN_ABOUT_RETURN_TYPE = YES_ERROR;
				GCC_WARN_UNDECLARED_SELECTOR = YES;
				GCC_WARN_UNINITIALIZED_AUTOS = YES_AGGRESSIVE;
				GCC_WARN_UNUSED_FUNCTION = YES;
				GCC_WARN_UNUSED_VARIABLE = YES;
				IPHONEOS_DEPLOYMENT_TARGET = 8.1;
				MTL_ENABLE_DEBUG_INFO = NO;
				SDKROOT = iphoneos;
				TARGETED_DEVICE_FAMILY = "1,2";
				VALIDATE_PRODUCT = YES;
			};
			name = Release;
		};
		006EE6771AA2D35900F42CAA /* Debug */ = {
			isa = XCBuildConfiguration;
			buildSettings = {
				ASSETCATALOG_COMPILER_APPICON_NAME = AppIcon;
				INFOPLIST_FILE = LemonStand/Info.plist;
				LD_RUNPATH_SEARCH_PATHS = "$(inherited) @executable_path/Frameworks";
				PRODUCT_NAME = "$(TARGET_NAME)";
			};
			name = Debug;
		};
		006EE6781AA2D35900F42CAA /* Release */ = {
			isa = XCBuildConfiguration;
			buildSettings = {
				ASSETCATALOG_COMPILER_APPICON_NAME = AppIcon;
				INFOPLIST_FILE = LemonStand/Info.plist;
				LD_RUNPATH_SEARCH_PATHS = "$(inherited) @executable_path/Frameworks";
				PRODUCT_NAME = "$(TARGET_NAME)";
			};
			name = Release;
		};
		006EE67A1AA2D35900F42CAA /* Debug */ = {
			isa = XCBuildConfiguration;
			buildSettings = {
				BUNDLE_LOADER = "$(TEST_HOST)";
				FRAMEWORK_SEARCH_PATHS = (
					"$(SDKROOT)/Developer/Library/Frameworks",
					"$(inherited)",
				);
				GCC_PREPROCESSOR_DEFINITIONS = (
					"DEBUG=1",
					"$(inherited)",
				);
				INFOPLIST_FILE = LemonStandTests/Info.plist;
				LD_RUNPATH_SEARCH_PATHS = "$(inherited) @executable_path/Frameworks @loader_path/Frameworks";
				PRODUCT_NAME = "$(TARGET_NAME)";
				TEST_HOST = "$(BUILT_PRODUCTS_DIR)/LemonStand.app/LemonStand";
			};
			name = Debug;
		};
		006EE67B1AA2D35900F42CAA /* Release */ = {
			isa = XCBuildConfiguration;
			buildSettings = {
				BUNDLE_LOADER = "$(TEST_HOST)";
				FRAMEWORK_SEARCH_PATHS = (
					"$(SDKROOT)/Developer/Library/Frameworks",
					"$(inherited)",
				);
				INFOPLIST_FILE = LemonStandTests/Info.plist;
				LD_RUNPATH_SEARCH_PATHS = "$(inherited) @executable_path/Frameworks @loader_path/Frameworks";
				PRODUCT_NAME = "$(TARGET_NAME)";
				TEST_HOST = "$(BUILT_PRODUCTS_DIR)/LemonStand.app/LemonStand";
			};
			name = Release;
		};
/* End XCBuildConfiguration section */

/* Begin XCConfigurationList section */
		006EE6521AA2D35900F42CAA /* Build configuration list for PBXProject "LemonStand" */ = {
			isa = XCConfigurationList;
			buildConfigurations = (
				006EE6741AA2D35900F42CAA /* Debug */,
				006EE6751AA2D35900F42CAA /* Release */,
			);
			defaultConfigurationIsVisible = 0;
			defaultConfigurationName = Release;
		};
		006EE6761AA2D35900F42CAA /* Build configuration list for PBXNativeTarget "LemonStand" */ = {
			isa = XCConfigurationList;
			buildConfigurations = (
				006EE6771AA2D35900F42CAA /* Debug */,
				006EE6781AA2D35900F42CAA /* Release */,
			);
			defaultConfigurationIsVisible = 0;
		};
		006EE6791AA2D35900F42CAA /* Build configuration list for PBXNativeTarget "LemonStandTests" */ = {
			isa = XCConfigurationList;
			buildConfigurations = (
				006EE67A1AA2D35900F42CAA /* Debug */,
				006EE67B1AA2D35900F42CAA /* Release */,
			);
			defaultConfigurationIsVisible = 0;
		};
/* End XCConfigurationList section */
	};
	rootObject = 006EE64F1AA2D35900F42CAA /* Project object */;
}
